%TITLE%
  SLN 001014/0000     

   LEVEL       HGHT       TEMP       DWPT       WDIR       WSPD
-------------------------------------------------------------------
%RAW%
  966.79,    388.66,     19.90,     17.14,    186.43,     14.63
  950.00,    540.19,     18.77,     16.41,    188.74,     16.72
  925.00,    769.19,     18.22,     15.07,    193.93,     17.56
  900.00,   1004.01,     16.88,     13.29,    212.09,     15.96
  875.00,   1244.01,     15.77,     12.49,    222.53,     17.14
  850.00,   1490.01,     14.79,     11.32,    220.12,     19.05
  825.00,   1742.84,     13.19,      9.23,    224.14,     21.29
  800.00,   2001.09,     11.11,      7.51,    233.24,     22.33
  775.00,   2265.09,      9.30,      6.03,    236.48,     24.52
  750.00,   2537.02,      7.56,      3.10,    237.99,     26.19
  725.00,   2815.45,      5.17,      0.43,    241.44,     27.58
  700.00,   3101.70,      3.03,     -1.83,    241.94,     30.88
  675.00,   3395.18,      0.95,     -4.53,    241.34,     34.76
  650.00,   3697.66,     -1.03,     -7.57,    240.47,     38.94
  625.00,   4009.66,     -3.03,    -11.79,    239.62,     43.23
  600.00,   4331.14,     -4.91,    -17.67,    239.18,     47.98
  575.00,   4664.62,     -6.52,    -25.89,    238.03,     51.56
  550.00,   5011.05,     -7.89,    -35.28,    236.88,     54.02
  525.00,   5371.10,     -9.41,    -39.16,    236.07,     56.52
  500.00,   5746.53,    -11.34,    -44.14,    234.34,     60.16
  475.00,   6137.70,    -13.55,    -48.39,    232.03,     66.24
  450.00,   6546.70,    -16.31,    -51.39,    231.84,     68.01
  425.00,   6974.70,    -19.60,    -53.21,    231.84,     68.33
  400.00,   7420.88,    -23.09,    -54.54,    231.92,     68.58
  375.00,   7890.05,    -26.89,    -53.93,    232.13,     69.46
  350.00,   8383.05,    -30.81,    -53.87,    232.45,     70.47
  325.00,   8904.11,    -34.96,    -54.48,    232.06,     71.76
  300.00,   9457.23,    -38.96,    -55.11,    230.20,     73.52
  275.00,  10048.54,    -43.52,    -56.31,    227.44,     76.49
  250.00,  10681.54,    -48.55,    -58.47,    225.26,     80.03
  225.00,  11366.54,    -53.74,    -61.87,    224.37,     83.58
  200.00,  12114.66,    -57.84,    -65.41,    224.41,     84.20
  175.00,  12952.19,    -60.12,    -68.35,    228.61,     77.71
  150.00,  13909.02,    -61.99,    -69.60,    237.91,     69.38
  125.00,  15030.41,    -64.85,    -73.71,    234.12,     59.10
  100.00,  16388.45,    -65.55,    -73.18,    238.66,     37.68
   75.00,  18139.26,    -61.99,    -69.60,    237.91,     69.38
   50.00,  20606.90,    -61.99,    -69.60,    237.91,     69.38
%END%

----- Parcel Information-----
*** 50mb MIXED LAYER PARCEL ***
LPL:  P=967  T=70F  Td=60F
CAPE:               375 J/kg
CINH:              -109 J/kg
LI:                  -1 C
LI(300mb):            0 C
3km Cape:            45 J/kg
NCAPE:             0.05 m/s2

LCL:	   888mb        729m
LFC:       750mb       2148m
EL:        300mb       9069m
MPL:       195mb      11885m
All heights AGL

----- Moisture -----
Precip Water:	 1.13 in
Mean W:          11.4 g/Kg

----- Lapse Rates -----
700-500mb   14 C 	5.7 C/km
850-500mb   28 C	6.5 C/km

----- Note -----
Old Title:  RUC 001014/0000F000    sln 

