%TITLE%
  SLN 010421/0200     

   LEVEL       HGHT       TEMP       DWPT       WDIR       WSPD
-------------------------------------------------------------------
%RAW%
  956.04,    388.98,     21.90,     18.17,    188.80,     17.49
  950.00,    444.27,     21.52,     17.80,    188.12,     18.15
  925.00,    675.52,     20.34,     16.87,    185.97,     31.22
  900.00,    913.10,     20.58,     14.38,    190.64,     36.92
  875.00,   1156.22,     20.18,     10.35,    200.19,     42.94
  850.00,   1406.10,     19.49,      5.94,    203.20,     45.41
  825.00,   1662.62,     18.44,      2.18,    208.69,     43.45
  800.00,   1925.62,     17.18,     -0.65,    218.19,     43.52
  775.00,   2195.56,     15.48,     -2.97,    227.13,     46.61
  750.00,   2471.62,     12.49,     -5.73,    230.23,     48.88
  725.00,   2754.04,      9.67,     -8.05,    232.94,     50.12
  700.00,   3044.04,      7.72,     -9.72,    235.47,     53.03
  675.00,   3342.62,      5.09,    -12.09,    237.63,     53.57
  650.00,   3649.04,      2.39,    -14.41,    238.75,     53.92
  625.00,   3964.35,     -0.39,    -16.66,    239.29,     54.46
  600.00,   4289.35,     -3.19,    -18.99,    239.51,     55.96
  575.00,   4624.35,     -6.08,    -21.46,    239.16,     57.01
  550.00,   4969.40,     -9.02,    -23.99,    238.54,     58.16
  525.00,   5326.40,    -12.12,    -26.64,    238.16,     59.18
  500.00,   5697.65,    -15.08,    -27.62,    239.17,     59.02
  475.00,   6082.83,    -18.14,    -28.62,    241.29,     58.43
  450.00,   6484.13,    -21.39,    -30.74,    243.71,     58.27
  425.00,   6902.88,    -24.79,    -33.57,    247.14,     60.83
  400.00,   7340.61,    -28.13,    -36.54,    250.11,     64.26
  375.00,   7800.67,    -31.41,    -40.14,    252.91,     70.12
  350.00,   8285.40,    -34.82,    -43.21,    254.14,     75.22
  325.00,   8798.70,    -38.77,    -45.85,    253.56,     77.77
  300.00,   9343.01,    -42.99,    -48.65,    251.87,     79.49
  275.00,   9923.49,    -47.19,    -51.60,    248.64,     83.53
  250.00,  10548.54,    -51.27,    -55.17,    245.29,     89.21
  225.00,  11225.72,    -56.06,    -60.00,    243.90,     90.62
  200.00,  11966.23,    -58.75,    -63.34,    245.96,     90.05
  175.00,  12809.71,    -55.59,    -64.35,    249.87,     84.38
  150.00,  13792.88,    -55.94,    -66.24,    253.84,     64.53
  125.00,  14958.88,    -58.20,    -69.88,    244.66,     50.51
  100.00,  16369.57,    -59.63,    -74.01,    231.58,     35.70
   75.00,  18188.26,    -55.94,    -66.24,    253.84,     64.53
   50.00,  20751.57,    -55.94,    -66.24,    253.84,     64.53
%END%

----- Parcel Information-----
*** 50mb MIXED LAYER PARCEL ***
LPL:  P=956  T=73F  Td=59F
CAPE:              1666 J/kg
CINH:              -332 J/kg
LI:                  -7 C
LI(300mb):           -6 C
3km Cape:             0 J/kg
NCAPE:             0.20 m/s2

LCL:	   854mb        978m
LFC:       675mb       2954m
EL:        210mb      11270m
MPL:       145mb      13621m
All heights AGL

----- Moisture -----
Precip Water:	 0.88 in
Mean W:          11.4 g/Kg

----- Lapse Rates -----
700-500mb   23 C 	8.7 C/km
850-500mb   36 C	8.3 C/km

----- Note -----
Old Title:  RUC 010421/0200F000    sln 

