%TITLE%
 SLN   550604/2100 

   LEVEL       HGHT       TEMP       DWPT       WDIR       WSPD
-------------------------------------------------------------------
%RAW%
  963.00,    383.00,     29.00,     18.10,    158.00,     15.00
  950.00,    500.00,     27.70,     17.80,    158.00,     15.00
  900.00,    981.00,     23.10,     16.40,    158.00,     27.00
  850.00,   1477.00,     18.30,     14.40,    158.00,     25.00
  800.00,   1994.00,     15.00,      9.80,    158.00,     27.00
  750.00,   2540.00,     11.40,      2.40,    203.00,     31.00
  700.00,   3109.00,      7.80,    -10.50,    203.00,     31.00
  650.00,   3710.00,      2.20,    -13.50,    203.00,     33.00
  600.00,   4351.00,     -3.60,    -16.50,    225.00,     35.00
  550.00,   5030.00,     -9.60,    -19.80,    225.00,     33.00
  500.00,   5761.00,    -12.70,  -9999.00,    225.00,     27.00
  450.00,   6560.00,    -19.50,  -9999.00,    225.00,     27.00
  400.00,   7414.00,    -26.80,    -39.40,    225.00,     27.00
  350.00,   8360.00,    -34.70,  -9999.00,    225.00,     31.00
  300.00,   9416.00,    -43.20,  -9999.00,    225.00,     33.00
  250.00,  10617.00,    -53.00,  -9999.00,    248.00,     40.00
  200.00,  12035.00,    -52.30,  -9999.00,    248.00,     37.00
  175.00,  12907.00,    -51.10,  -9999.00,    225.00,     21.00
  150.00,  13904.00,    -52.30,  -9999.00,    225.00,     27.00
  125.00,  15078.00,    -54.00,  -9999.00,    248.00,     27.00
  100.00,  16496.00,    -59.30,  -9999.00,    203.00,     12.00
%END%

----- Parcel Information-----
*** MU PARCEL IN LOWEST 400mb ***
LPL:  P=963  T=84F  Td=65F
CAPE:              3794 J/kg
CINH:                -1 J/kg
LI:                 -10 C
LI(300mb):          -14 C
3km Cape:           109 J/kg
NCAPE:             0.38 m/s2

LCL:       821mb       1386m
LFC:       800mb       1611m
EL:        200mb      11652m
MPL:       118mb      15061m
All heights AGL

----- Moisture -----
Precip Water:    1.23 in
Mean W:          13.3 g/Kg

----- Lapse Rates -----
700-500mb   20 C      7.8 C/km
850-500mb   33 C      7.7 C/km
